{
  "name": "intervia",
  "lockfileVersion": 3,
  "requires": true,
  "packages": {
    "": {
      "dependencies": {
        "joke": "^0.0.1-1"
      }
    },
    "node_modules/joke": {
      "version": "0.0.1-1",
      "resolved": "https://registry.npmjs.org/joke/-/joke-0.0.1-1.tgz",
      "integrity": "sha512-vimCq/hZqkewLYK+lufCIMSod7JSks37cXv/2lJdI0DhOeS3BZDUKF8r2n/EAVFKCLImVzdiOoYEm9Xy2wvjHg==",
      "license": "MIT"
    }
  }
}
